
Microsoft Visual Studio Solution File, Format Version 12.00
Project("{FAE04EC0-301F-11D3-BF4B-00C04F79EFBC}") = "cwiczenia10", "cwiczenia10\cwiczenia10.csproj", "{B75F895E-8265-466B-B7C4-6B89C925B147}"
EndProject
Global
	GlobalSection(SolutionConfigurationPlatforms) = preSolution
		Debug|Any CPU = Debug|Any CPU
		Release|Any CPU = Release|Any CPU
	EndGlobalSection
	GlobalSection(ProjectConfigurationPlatforms) = postSolution
		{B75F895E-8265-466B-B7C4-6B89C925B147}.Debug|Any CPU.ActiveCfg = Debug|Any CPU
		{B75F895E-8265-466B-B7C4-6B89C925B147}.Debug|Any CPU.Build.0 = Debug|Any CPU
		{B75F895E-8265-466B-B7C4-6B89C925B147}.Release|Any CPU.ActiveCfg = Release|Any CPU
		{B75F895E-8265-466B-B7C4-6B89C925B147}.Release|Any CPU.Build.0 = Release|Any CPU
	EndGlobalSection
EndGlobal
